
Microsoft Visual Studio Solution File, Format Version 12.00
# Visual Studio Version 17
VisualStudioVersion = 17.4.33213.308
MinimumVisualStudioVersion = 10.0.40219.1
Project("{FAE04EC0-301F-11D3-BF4B-00C04F79EFBC}") = "test", "test.csproj", "{2FFB4AB9-71F5-4E8E-8EDB-E866CF594A77}"
EndProject
Global
	GlobalSection(SolutionConfigurationPlatforms) = preSolution
		Debug|Any CPU = Debug|Any CPU
		Release|Any CPU = Release|Any CPU
	EndGlobalSection
	GlobalSection(ProjectConfigurationPlatforms) = postSolution
		{2FFB4AB9-71F5-4E8E-8EDB-E866CF594A77}.Debug|Any CPU.ActiveCfg = Debug|Any CPU
		{2FFB4AB9-71F5-4E8E-8EDB-E866CF594A77}.Debug|Any CPU.Build.0 = Debug|Any CPU
		{2FFB4AB9-71F5-4E8E-8EDB-E866CF594A77}.Release|Any CPU.ActiveCfg = Release|Any CPU
		{2FFB4AB9-71F5-4E8E-8EDB-E866CF594A77}.Release|Any CPU.Build.0 = Release|Any CPU
	EndGlobalSection
	GlobalSection(SolutionProperties) = preSolution
		HideSolutionNode = FALSE
	EndGlobalSection
	GlobalSection(ExtensibilityGlobals) = postSolution
		SolutionGuid = {C227D32A-8B0A-41F4-8D9A-7DFF0CD574FE}
	EndGlobalSection
EndGlobal
